{
  "requires": true,
  "lockfileVersion": 1,
  "dependencies": {
    "cluster": {
      "version": "0.7.7",
      "resolved": "https://r.cnpmjs.org/cluster/download/cluster-0.7.7.tgz",
      "integrity": "sha1-5JfiZ8yVa9CwUTrbSqOTNX0Ahe8=",
      "requires": {
        "log": ">= 1.2.0",
        "mkdirp": ">= 0.0.1"
      }
    },
    "d": {
      "version": "1.0.1",
      "resolved": "https://r.cnpmjs.org/d/download/d-1.0.1.tgz",
      "integrity": "sha1-hpgJU3LVjb7jRv/Qxwk/mfj561o=",
      "requires": {
        "es5-ext": "^0.10.50",
        "type": "^1.0.1"
      }
    },
    "duration": {
      "version": "0.2.2",
      "resolved": "https://r.cnpmjs.org/duration/download/duration-0.2.2.tgz",
      "integrity": "sha1-3fFJvDvGkBFQ/pAXER0BazNX9Sk=",
      "requires": {
        "d": "1",
        "es5-ext": "~0.10.46"
      }
    },
    "es5-ext": {
      "version": "0.10.53",
      "resolved": "https://r.cnpmjs.org/es5-ext/download/es5-ext-0.10.53.tgz",
      "integrity": "sha1-k8WjrP2+8nUiCtcmRK0C7hg2jeE=",
      "requires": {
        "es6-iterator": "~2.0.3",
        "es6-symbol": "~3.1.3",
        "next-tick": "~1.0.0"
      }
    },
    "es6-iterator": {
      "version": "2.0.3",
      "resolved": "https://r.cnpmjs.org/es6-iterator/download/es6-iterator-2.0.3.tgz",
      "integrity": "sha1-p96IkUGgWpSwhUQDstCg+/qY87c=",
      "requires": {
        "d": "1",
        "es5-ext": "^0.10.35",
        "es6-symbol": "^3.1.1"
      }
    },
    "es6-symbol": {
      "version": "3.1.3",
      "resolved": "https://r.cnpmjs.org/es6-symbol/download/es6-symbol-3.1.3.tgz",
      "integrity": "sha1-utXTwbzawoJp9MszHkMceKxwXRg=",
      "requires": {
        "d": "^1.0.1",
        "ext": "^1.1.2"
      }
    },
    "event-emitter": {
      "version": "0.3.5",
      "resolved": "https://r.cnpmjs.org/event-emitter/download/event-emitter-0.3.5.tgz",
      "integrity": "sha1-34xp7vFkeSPHFXuc6DhAYQsCzDk=",
      "requires": {
        "d": "1",
        "es5-ext": "~0.10.14"
      }
    },
    "ext": {
      "version": "1.4.0",
      "resolved": "https://r.cnpmjs.org/ext/download/ext-1.4.0.tgz",
      "integrity": "sha1-ia56BxWPedNVF4gpBDJAd+Q3kkQ=",
      "requires": {
        "type": "^2.0.0"
      },
      "dependencies": {
        "type": {
          "version": "2.1.0",
          "resolved": "https://r.cnpmjs.org/type/download/type-2.1.0.tgz",
          "integrity": "sha1-m9wixkjPjPht0j0yM2pBz7ZHXj8="
        }
      }
    },
    "log": {
      "version": "6.0.0",
      "resolved": "https://r.cnpmjs.org/log/download/log-6.0.0.tgz",
      "integrity": "sha1-Ho5lXwOJFI5ynZ3dbTvL6Lk7jSE=",
      "requires": {
        "d": "^1.0.0",
        "duration": "^0.2.2",
        "es5-ext": "^0.10.49",
        "event-emitter": "^0.3.5",
        "sprintf-kit": "^2.0.0",
        "type": "^1.0.1"
      }
    },
    "mkdirp": {
      "version": "1.0.4",
      "resolved": "https://r.cnpmjs.org/mkdirp/download/mkdirp-1.0.4.tgz",
      "integrity": "sha1-PrXtYmInVteaXw4qIh3+utdcL34="
    },
    "next-tick": {
      "version": "1.0.0",
      "resolved": "https://r.cnpmjs.org/next-tick/download/next-tick-1.0.0.tgz",
      "integrity": "sha1-yobR/ogoFpsBICCOPchCS524NCw="
    },
    "os": {
      "version": "0.1.1",
      "resolved": "https://r.cnpmjs.org/os/download/os-0.1.1.tgz",
      "integrity": "sha1-IIhF6J4ZOtTZcUdLk5R3NqVtE/M="
    },
    "sprintf-kit": {
      "version": "2.0.0",
      "resolved": "https://r.cnpmjs.org/sprintf-kit/download/sprintf-kit-2.0.0.tgz",
      "integrity": "sha1-R0mdY26cxo8vkh0w608LkRoteDU=",
      "requires": {
        "es5-ext": "^0.10.46"
      }
    },
    "type": {
      "version": "1.2.0",
      "resolved": "https://r.cnpmjs.org/type/download/type-1.2.0.tgz",
      "integrity": "sha1-hI3XaY2vo+VKbEeedZxLw/GIR6A="
    }
  }
}
